
Microsoft Visual Studio Solution File, Format Version 12.00
# Visual Studio Version 17
VisualStudioVersion = 17.9.34728.123
MinimumVisualStudioVersion = 10.0.40219.1
Project("{FAE04EC0-301F-11D3-BF4B-00C04F79EFBC}") = "API_CLINICA", "API_CLINICA\API_CLINICA.csproj", "{AE85CE07-F091-4A7F-815C-93F482228617}"
EndProject
Project("{2150E333-8FDC-42A3-9474-1A3956D46DE8}") = "Entidades", "Entidades", "{C8639056-2CBE-41F9-B557-57940084EAF0}"
EndProject
Global
	GlobalSection(SolutionConfigurationPlatforms) = preSolution
		Debug|Any CPU = Debug|Any CPU
		Release|Any CPU = Release|Any CPU
	EndGlobalSection
	GlobalSection(ProjectConfigurationPlatforms) = postSolution
		{AE85CE07-F091-4A7F-815C-93F482228617}.Debug|Any CPU.ActiveCfg = Debug|Any CPU
		{AE85CE07-F091-4A7F-815C-93F482228617}.Debug|Any CPU.Build.0 = Debug|Any CPU
		{AE85CE07-F091-4A7F-815C-93F482228617}.Release|Any CPU.ActiveCfg = Release|Any CPU
		{AE85CE07-F091-4A7F-815C-93F482228617}.Release|Any CPU.Build.0 = Release|Any CPU
	EndGlobalSection
	GlobalSection(SolutionProperties) = preSolution
		HideSolutionNode = FALSE
	EndGlobalSection
	GlobalSection(ExtensibilityGlobals) = postSolution
		SolutionGuid = {ABAA0632-AFF0-4D05-A01C-74C850CBE2A8}
	EndGlobalSection
EndGlobal
